
Microsoft Visual Studio Solution File, Format Version 12.00
# Visual Studio Version 17
VisualStudioVersion = 17.8.34316.72
MinimumVisualStudioVersion = 10.0.40219.1
Project("{FAE04EC0-301F-11D3-BF4B-00C04F79EFBC}") = "wallet", "wallet\wallet.csproj", "{B1D40480-DF78-4CED-B7CC-23365FA85457}"
EndProject
Project("{FAE04EC0-301F-11D3-BF4B-00C04F79EFBC}") = "wallet.model", "wallet.model\wallet.model.csproj", "{37A8BFDB-D16D-4AE2-8AE8-BF48EE8B5C4E}"
EndProject
Project("{FAE04EC0-301F-11D3-BF4B-00C04F79EFBC}") = "wallet.schedule.sync", "wallet.schedule.sync\wallet.schedule.sync.csproj", "{40570FFB-F23F-410E-A259-9E701BAF559A}"
EndProject
Project("{FAE04EC0-301F-11D3-BF4B-00C04F79EFBC}") = "wallet.model.mongo", "wallet.model.mongo\wallet.model.mongo.csproj", "{E3E657F6-DD11-4BB7-A73B-D8AC0E3E19FD}"
EndProject
Global
	GlobalSection(SolutionConfigurationPlatforms) = preSolution
		Debug|Any CPU = Debug|Any CPU
		Release|Any CPU = Release|Any CPU
	EndGlobalSection
	GlobalSection(ProjectConfigurationPlatforms) = postSolution
		{B1D40480-DF78-4CED-B7CC-23365FA85457}.Debug|Any CPU.ActiveCfg = Debug|Any CPU
		{B1D40480-DF78-4CED-B7CC-23365FA85457}.Debug|Any CPU.Build.0 = Debug|Any CPU
		{B1D40480-DF78-4CED-B7CC-23365FA85457}.Release|Any CPU.ActiveCfg = Release|Any CPU
		{B1D40480-DF78-4CED-B7CC-23365FA85457}.Release|Any CPU.Build.0 = Release|Any CPU
		{37A8BFDB-D16D-4AE2-8AE8-BF48EE8B5C4E}.Debug|Any CPU.ActiveCfg = Debug|Any CPU
		{37A8BFDB-D16D-4AE2-8AE8-BF48EE8B5C4E}.Debug|Any CPU.Build.0 = Debug|Any CPU
		{37A8BFDB-D16D-4AE2-8AE8-BF48EE8B5C4E}.Release|Any CPU.ActiveCfg = Release|Any CPU
		{37A8BFDB-D16D-4AE2-8AE8-BF48EE8B5C4E}.Release|Any CPU.Build.0 = Release|Any CPU
		{40570FFB-F23F-410E-A259-9E701BAF559A}.Debug|Any CPU.ActiveCfg = Debug|Any CPU
		{40570FFB-F23F-410E-A259-9E701BAF559A}.Debug|Any CPU.Build.0 = Debug|Any CPU
		{40570FFB-F23F-410E-A259-9E701BAF559A}.Release|Any CPU.ActiveCfg = Release|Any CPU
		{40570FFB-F23F-410E-A259-9E701BAF559A}.Release|Any CPU.Build.0 = Release|Any CPU
		{E3E657F6-DD11-4BB7-A73B-D8AC0E3E19FD}.Debug|Any CPU.ActiveCfg = Debug|Any CPU
		{E3E657F6-DD11-4BB7-A73B-D8AC0E3E19FD}.Debug|Any CPU.Build.0 = Debug|Any CPU
		{E3E657F6-DD11-4BB7-A73B-D8AC0E3E19FD}.Release|Any CPU.ActiveCfg = Release|Any CPU
		{E3E657F6-DD11-4BB7-A73B-D8AC0E3E19FD}.Release|Any CPU.Build.0 = Release|Any CPU
	EndGlobalSection
	GlobalSection(SolutionProperties) = preSolution
		HideSolutionNode = FALSE
	EndGlobalSection
	GlobalSection(ExtensibilityGlobals) = postSolution
		SolutionGuid = {45395423-BB6D-4CED-AB58-5F043F69651C}
	EndGlobalSection
EndGlobal
